{
  "name": "miku-legends-2",
  "lockfileVersion": 3,
  "requires": true,
  "packages": {
    "": {
      "name": "miku-legends-2",
      "dependencies": {
        "bytereader": "^0.1.0",
        "three": "^0.165.0"
      },
      "devDependencies": {
        "@types/bun": "latest",
        "@types/three": "^0.165.0"
      },
      "peerDependencies": {
        "typescript": "^5.0.0"
      }
    },
    "node_modules/@tweenjs/tween.js": {
      "version": "23.1.2",
      "resolved": "https://registry.npmjs.org/@tweenjs/tween.js/-/tween.js-23.1.2.tgz",
      "integrity": "sha512-kMCNaZCJugWI86xiEHaY338CU5JpD0B97p1j1IKNn/Zto8PgACjQx0UxbHjmOcLl/dDOBnItwD07KmCs75pxtQ==",
      "dev": true
    },
    "node_modules/@types/bun": {
      "version": "1.1.5",
      "resolved": "https://registry.npmjs.org/@types/bun/-/bun-1.1.5.tgz",
      "integrity": "sha512-7RprVDMF+1o+EWSo7F1+iJpkfNz+Ikw9K//vwambcY+D1QHXfb9l7jWY1hSBfuFEkW9yFAhkMzP2uTi1pQXoqw==",
      "dev": true,
      "dependencies": {
        "bun-types": "1.1.14"
      }
    },
    "node_modules/@types/node": {
      "version": "20.12.14",
      "resolved": "https://registry.npmjs.org/@types/node/-/node-20.12.14.tgz",
      "integrity": "sha512-scnD59RpYD91xngrQQLGkE+6UrHUPzeKZWhhjBSa3HSkwjbQc38+q3RoIVEwxQGRw3M+j5hpNAM+lgV3cVormg==",
      "dev": true,
      "dependencies": {
        "undici-types": "~5.26.4"
      }
    },
    "node_modules/@types/stats.js": {
      "version": "0.17.3",
      "resolved": "https://registry.npmjs.org/@types/stats.js/-/stats.js-0.17.3.tgz",
      "integrity": "sha512-pXNfAD3KHOdif9EQXZ9deK82HVNaXP5ZIF5RP2QG6OQFNTaY2YIetfrE9t528vEreGQvEPRDDc8muaoYeK0SxQ==",
      "dev": true
    },
    "node_modules/@types/three": {
      "version": "0.165.0",
      "resolved": "https://registry.npmjs.org/@types/three/-/three-0.165.0.tgz",
      "integrity": "sha512-AJK8JZAFNBF0kBXiAIl5pggYlzAGGA8geVYQXAcPCEDRbyA+oEjkpUBcJJrtNz6IiALwzGexFJGZG2yV3WsYBw==",
      "dev": true,
      "dependencies": {
        "@tweenjs/tween.js": "~23.1.1",
        "@types/stats.js": "*",
        "@types/webxr": "*",
        "fflate": "~0.8.2",
        "meshoptimizer": "~0.18.1"
      }
    },
    "node_modules/@types/webxr": {
      "version": "0.5.17",
      "resolved": "https://registry.npmjs.org/@types/webxr/-/webxr-0.5.17.tgz",
      "integrity": "sha512-JYcclaQIlisHRXM9dMF7SeVvQ54kcYc7QK1eKCExCTLKWnZDxP4cp/rXH4Uoa1j5+5oQJ0Cc2sZC/PWiiG4q2g==",
      "dev": true
    },
    "node_modules/@types/ws": {
      "version": "8.5.10",
      "resolved": "https://registry.npmjs.org/@types/ws/-/ws-8.5.10.tgz",
      "integrity": "sha512-vmQSUcfalpIq0R9q7uTo2lXs6eGIpt9wtnLdMv9LVpIjCA/+ufZRozlVoVelIYixx1ugCBKDhn89vnsEGOCx9A==",
      "dev": true,
      "dependencies": {
        "@types/node": "*"
      }
    },
    "node_modules/bun-types": {
      "version": "1.1.14",
      "resolved": "https://registry.npmjs.org/bun-types/-/bun-types-1.1.14.tgz",
      "integrity": "sha512-esfxOvECTkjEuUEHBOoOo590Qggf4b9cz5h29AOB2SKt3yZwG3LbAX4iIYwWZX7GnO7vaY5hIdcQygwN0xGdNw==",
      "dev": true,
      "dependencies": {
        "@types/node": "~20.12.8",
        "@types/ws": "~8.5.10"
      }
    },
    "node_modules/bytereader": {
      "version": "0.1.0",
      "license": "MIT"
    },
    "node_modules/fflate": {
      "version": "0.8.2",
      "resolved": "https://registry.npmjs.org/fflate/-/fflate-0.8.2.tgz",
      "integrity": "sha512-cPJU47OaAoCbg0pBvzsgpTPhmhqI5eJjh/JIu8tPj5q+T7iLvW/JAYUqmE7KOB4R1ZyEhzBaIQpQpardBF5z8A==",
      "dev": true
    },
    "node_modules/meshoptimizer": {
      "version": "0.18.1",
      "resolved": "https://registry.npmjs.org/meshoptimizer/-/meshoptimizer-0.18.1.tgz",
      "integrity": "sha512-ZhoIoL7TNV4s5B6+rx5mC//fw8/POGyNxS/DZyCJeiZ12ScLfVwRE/GfsxwiTkMYYD5DmK2/JXnEVXqL4rF+Sw==",
      "dev": true
    },
    "node_modules/three": {
      "version": "0.165.0",
      "license": "MIT"
    },
    "node_modules/typescript": {
      "version": "5.4.5",
      "license": "Apache-2.0",
      "peer": true,
      "bin": {
        "tsc": "bin/tsc",
        "tsserver": "bin/tsserver"
      },
      "engines": {
        "node": ">=14.17"
      }
    },
    "node_modules/undici-types": {
      "version": "5.26.5",
      "resolved": "https://registry.npmjs.org/undici-types/-/undici-types-5.26.5.tgz",
      "integrity": "sha512-JlCMO+ehdEIKqlFxk6IfVoAUVmgz7cU7zD/h9XZ0qzeosSHmUJVOzSQvvYSYWXkFXC+IfLKSIffhv0sVZup6pA==",
      "dev": true
    }
  }
}
